
Microsoft Visual Studio Solution File, Format Version 12.00
# Visual Studio Version 17
VisualStudioVersion = 17.0.31919.166
MinimumVisualStudioVersion = 10.0.40219.1
Project("{2150E333-8FDC-42A3-9474-1A3956D46DE8}") = "tests", "tests", "{6B1357FC-4E66-4FE9-A917-75C62FE97659}"
EndProject
Project("{9A19103F-16F7-4668-BE54-9A1E7A4F7556}") = "MGroup.FEM.Structural.Tests", "tests\MGroup.FEM.Structural.Tests\MGroup.FEM.Structural.Tests.csproj", "{8D7874EB-E218-4A12-BACE-54D598E8B9C8}"
EndProject
Project("{2150E333-8FDC-42A3-9474-1A3956D46DE8}") = "src", "src", "{3012A4B0-1729-4558-8CAE-EB929730A219}"
EndProject
Project("{9A19103F-16F7-4668-BE54-9A1E7A4F7556}") = "MGroup.NumericalAnalyzers", "..\NumericalAnalyzers\src\MGroup.NumericalAnalyzers\MGroup.NumericalAnalyzers.csproj", "{0B2D2DB0-C0AE-46D8-A3FE-51DA467E8A70}"
EndProject
Project("{9A19103F-16F7-4668-BE54-9A1E7A4F7556}") = "MGroup.NumericalAnalyzers.Discretization", "..\NumericalAnalyzers\src\MGroup.NumericalAnalyzers.Discretization\MGroup.NumericalAnalyzers.Discretization.csproj", "{F28FD675-6A27-448B-BB38-650BC5D96F19}"
EndProject
Global
	GlobalSection(SolutionConfigurationPlatforms) = preSolution
		Debug|Any CPU = Debug|Any CPU
		Release|Any CPU = Release|Any CPU
	EndGlobalSection
	GlobalSection(ProjectConfigurationPlatforms) = postSolution
		{8D7874EB-E218-4A12-BACE-54D598E8B9C8}.Debug|Any CPU.ActiveCfg = Debug|Any CPU
		{8D7874EB-E218-4A12-BACE-54D598E8B9C8}.Debug|Any CPU.Build.0 = Debug|Any CPU
		{8D7874EB-E218-4A12-BACE-54D598E8B9C8}.Release|Any CPU.ActiveCfg = Release|Any CPU
		{8D7874EB-E218-4A12-BACE-54D598E8B9C8}.Release|Any CPU.Build.0 = Release|Any CPU
		{0B2D2DB0-C0AE-46D8-A3FE-51DA467E8A70}.Debug|Any CPU.ActiveCfg = Debug|Any CPU
		{0B2D2DB0-C0AE-46D8-A3FE-51DA467E8A70}.Debug|Any CPU.Build.0 = Debug|Any CPU
		{0B2D2DB0-C0AE-46D8-A3FE-51DA467E8A70}.Release|Any CPU.ActiveCfg = Release|Any CPU
		{0B2D2DB0-C0AE-46D8-A3FE-51DA467E8A70}.Release|Any CPU.Build.0 = Release|Any CPU
		{F28FD675-6A27-448B-BB38-650BC5D96F19}.Debug|Any CPU.ActiveCfg = Debug|Any CPU
		{F28FD675-6A27-448B-BB38-650BC5D96F19}.Debug|Any CPU.Build.0 = Debug|Any CPU
		{F28FD675-6A27-448B-BB38-650BC5D96F19}.Release|Any CPU.ActiveCfg = Release|Any CPU
		{F28FD675-6A27-448B-BB38-650BC5D96F19}.Release|Any CPU.Build.0 = Release|Any CPU
	EndGlobalSection
	GlobalSection(SolutionProperties) = preSolution
		HideSolutionNode = FALSE
	EndGlobalSection
	GlobalSection(NestedProjects) = preSolution
		{8D7874EB-E218-4A12-BACE-54D598E8B9C8} = {6B1357FC-4E66-4FE9-A917-75C62FE97659}
		{0B2D2DB0-C0AE-46D8-A3FE-51DA467E8A70} = {3012A4B0-1729-4558-8CAE-EB929730A219}
		{F28FD675-6A27-448B-BB38-650BC5D96F19} = {3012A4B0-1729-4558-8CAE-EB929730A219}
	EndGlobalSection
	GlobalSection(ExtensibilityGlobals) = postSolution
		SolutionGuid = {0BE28300-C191-435C-A4DB-CCC88FA2C812}
	EndGlobalSection
EndGlobal
